
Microsoft Visual Studio Solution File, Format Version 12.00
Project("{FAE04EC0-301F-11D3-BF4B-00C04F79EFBC}") = "PollyRateLimit", "PollyRateLimit\PollyRateLimit.csproj", "{ABEC5144-26B9-457C-9A77-8A84395944BF}"
EndProject
Global
	GlobalSection(SolutionConfigurationPlatforms) = preSolution
		Debug|Any CPU = Debug|Any CPU
		Release|Any CPU = Release|Any CPU
	EndGlobalSection
	GlobalSection(ProjectConfigurationPlatforms) = postSolution
		{ABEC5144-26B9-457C-9A77-8A84395944BF}.Debug|Any CPU.ActiveCfg = Debug|Any CPU
		{ABEC5144-26B9-457C-9A77-8A84395944BF}.Debug|Any CPU.Build.0 = Debug|Any CPU
		{ABEC5144-26B9-457C-9A77-8A84395944BF}.Release|Any CPU.ActiveCfg = Release|Any CPU
		{ABEC5144-26B9-457C-9A77-8A84395944BF}.Release|Any CPU.Build.0 = Release|Any CPU
	EndGlobalSection
EndGlobal
